<Solution>
  <Folder Name="/demo/">
    <Project Path="demo/ModernPersianDatePicker.Demo/ModernPersianDatePicker.Demo.csproj" />
  </Folder>
  <Folder Name="/src/">
    <Project Path="src/ModernPersianDatePicker/ModernPersianDatePicker.csproj" />
  </Folder>
  <Folder Name="/tests/">
    <Project Path="tests/ModernPersianDatePicker.Tests/ModernPersianDatePicker.Tests.csproj" />
  </Folder>
</Solution>
